
Microsoft Visual Studio Solution File, Format Version 12.00
# Visual Studio 14
VisualStudioVersion = 14.0.25420.1
MinimumVisualStudioVersion = 10.0.40219.1
Project("{2150E333-8FDC-42A3-9474-1A3956D46DE8}") = ".paket", ".paket", "{96E12EC2-2488-43C1-93E1-CE9E73C73FB4}"
	ProjectSection(SolutionItems) = preProject
		paket.dependencies = paket.dependencies
	EndProjectSection
EndProject
Project("{F2A71F9B-5D33-465A-A702-920D77279786}") = "MasterObserverMap", "MasterObserverMap\MasterObserverMap.fsproj", "{0C66EB16-1CF0-4DF6-AF21-08DE12FC3C50}"
EndProject
Project("{2150E333-8FDC-42A3-9474-1A3956D46DE8}") = "Heroku", "Heroku", "{2719E8F3-49F2-4067-9270-936FEC987B29}"
	ProjectSection(SolutionItems) = preProject
		App.fsx = App.fsx
		Procfile = Procfile
	EndProjectSection
EndProject
Project("{E24C65DC-7377-472B-9ABA-BC803B73C61A}") = "MasterObserverMapPresentation(1)", "MasterObserverMapPresentation\", "{3E984044-BDF0-4664-9B1C-36BBE966DC04}"
	ProjectSection(WebsiteProperties) = preProject
		TargetFrameworkMoniker = ".NETFramework,Version%3Dv4.5"
		Debug.AspNetCompiler.VirtualPath = "/localhost_51744"
		Debug.AspNetCompiler.PhysicalPath = "MasterObserverMapPresentation\"
		Debug.AspNetCompiler.TargetPath = "PrecompiledWeb\localhost_51744\"
		Debug.AspNetCompiler.Updateable = "true"
		Debug.AspNetCompiler.ForceOverwrite = "true"
		Debug.AspNetCompiler.FixedNames = "false"
		Debug.AspNetCompiler.Debug = "True"
		Release.AspNetCompiler.VirtualPath = "/localhost_51744"
		Release.AspNetCompiler.PhysicalPath = "MasterObserverMapPresentation\"
		Release.AspNetCompiler.TargetPath = "PrecompiledWeb\localhost_51744\"
		Release.AspNetCompiler.Updateable = "true"
		Release.AspNetCompiler.ForceOverwrite = "true"
		Release.AspNetCompiler.FixedNames = "false"
		Release.AspNetCompiler.Debug = "False"
		VWDPort = "51744"
		SlnRelativePath = "MasterObserverMapPresentation\"
	EndProjectSection
EndProject
Global
	GlobalSection(SolutionConfigurationPlatforms) = preSolution
		Debug|Any CPU = Debug|Any CPU
		Release|Any CPU = Release|Any CPU
	EndGlobalSection
	GlobalSection(ProjectConfigurationPlatforms) = postSolution
		{0C66EB16-1CF0-4DF6-AF21-08DE12FC3C50}.Debug|Any CPU.ActiveCfg = Debug|Any CPU
		{0C66EB16-1CF0-4DF6-AF21-08DE12FC3C50}.Debug|Any CPU.Build.0 = Debug|Any CPU
		{0C66EB16-1CF0-4DF6-AF21-08DE12FC3C50}.Release|Any CPU.ActiveCfg = Release|Any CPU
		{0C66EB16-1CF0-4DF6-AF21-08DE12FC3C50}.Release|Any CPU.Build.0 = Release|Any CPU
		{3E984044-BDF0-4664-9B1C-36BBE966DC04}.Debug|Any CPU.ActiveCfg = Debug|Any CPU
		{3E984044-BDF0-4664-9B1C-36BBE966DC04}.Debug|Any CPU.Build.0 = Debug|Any CPU
		{3E984044-BDF0-4664-9B1C-36BBE966DC04}.Release|Any CPU.ActiveCfg = Debug|Any CPU
		{3E984044-BDF0-4664-9B1C-36BBE966DC04}.Release|Any CPU.Build.0 = Debug|Any CPU
	EndGlobalSection
	GlobalSection(SolutionProperties) = preSolution
		HideSolutionNode = FALSE
	EndGlobalSection
EndGlobal
